
Microsoft Visual Studio Solution File, Format Version 12.00
# Visual Studio Version 16
VisualStudioVersion = 16.0.31105.61
MinimumVisualStudioVersion = 10.0.40219.1
Project("{2150E333-8FDC-42A3-9474-1A3956D46DE8}") = "src", "src", "{F327F8A6-E274-4194-AF4E-9E605EC47535}"
EndProject
Project("{2150E333-8FDC-42A3-9474-1A3956D46DE8}") = "doc", "doc", "{B9395501-0765-4CE9-BAFC-4F9FED3310E1}"
EndProject
Project("{2150E333-8FDC-42A3-9474-1A3956D46DE8}") = "API", "API", "{A91CF079-FFAF-47B8-B55E-F55F94F025A4}"
EndProject
Project("{2150E333-8FDC-42A3-9474-1A3956D46DE8}") = "Shared", "Shared", "{56185CAC-18A9-488E-8A49-EF5BD74D89B5}"
EndProject
Project("{2150E333-8FDC-42A3-9474-1A3956D46DE8}") = "02- Authentication", "02- Authentication", "{67D2078F-76DC-4133-8481-AEE10E3AC06B}"
EndProject
Project("{2150E333-8FDC-42A3-9474-1A3956D46DE8}") = "01- Basic", "01- Basic", "{340E8333-DBB6-4FF7-A0FD-3C376E14DB8F}"
EndProject
Project("{9A19103F-16F7-4668-BE54-9A1E7A4F7556}") = "Shared.Model", "src\Shared\Shared.Model\Shared.Model.csproj", "{3057FE08-172B-4974-AA17-8CC6B0A7CE49}"
EndProject
Project("{9A19103F-16F7-4668-BE54-9A1E7A4F7556}") = "Shared.Logger", "src\Shared\Shared.Logger\Shared.Logger.csproj", "{EFBC23E2-22DB-4329-8CE4-FDAE33489653}"
EndProject
Project("{9A19103F-16F7-4668-BE54-9A1E7A4F7556}") = "API.Basic", "src\API\Basic\API.Basic\API.Basic.csproj", "{20C5FC02-1E55-4B89-9A92-4A5ABE35300B}"
EndProject
Project("{9A19103F-16F7-4668-BE54-9A1E7A4F7556}") = "ConsoleApp.Basic", "src\API\Basic\Console.Basic\ConsoleApp.Basic.csproj", "{6E179D80-1186-4D47-B6BF-30D6C4B98600}"
EndProject
Project("{9A19103F-16F7-4668-BE54-9A1E7A4F7556}") = "API.Authentication", "src\API\Authentication\API.Authentication\API.Authentication.csproj", "{43BD42F6-D7C1-4F63-ABB1-29A8F8690079}"
EndProject
Project("{9A19103F-16F7-4668-BE54-9A1E7A4F7556}") = "ConsoleApp.Authentication", "src\API\Authentication\Console.Authentication\ConsoleApp.Authentication.csproj", "{312C3113-C213-4D43-B7EC-3BE1295CBC84}"
EndProject
Project("{9A19103F-16F7-4668-BE54-9A1E7A4F7556}") = "Shared.Authentication", "src\Shared\Shared.Authentication\Shared.Authentication.csproj", "{E8A2B5FD-98F4-4827-933B-1FEB86A5C892}"
EndProject
Project("{2150E333-8FDC-42A3-9474-1A3956D46DE8}") = "03- SGBOnline", "03- SGBOnline", "{989A052E-4304-4297-888A-795FD84E5981}"
EndProject
Project("{9A19103F-16F7-4668-BE54-9A1E7A4F7556}") = "API.SGBOnline", "src\API\SGBOnline\API.SGBOnline\API.SGBOnline.csproj", "{41960818-2447-4458-8B30-7E3E433B203D}"
EndProject
Project("{9A19103F-16F7-4668-BE54-9A1E7A4F7556}") = "ConsoleApp.SGBOnline", "src\API\SGBOnline\Console.SGBOnline\ConsoleApp.SGBOnline.csproj", "{A798A300-3AA5-4D03-9873-5F6E51C0A4EE}"
EndProject
Project("{FAE04EC0-301F-11D3-BF4B-00C04F79EFBC}") = "Shared.CrmSdk", "Shared.CrmSdk\Shared.CrmSdk.csproj", "{F93CDD77-530C-4336-BC90-C263EBA19ED5}"
EndProject
Global
	GlobalSection(SolutionConfigurationPlatforms) = preSolution
		Debug|Any CPU = Debug|Any CPU
		Release|Any CPU = Release|Any CPU
	EndGlobalSection
	GlobalSection(ProjectConfigurationPlatforms) = postSolution
		{3057FE08-172B-4974-AA17-8CC6B0A7CE49}.Debug|Any CPU.ActiveCfg = Debug|Any CPU
		{3057FE08-172B-4974-AA17-8CC6B0A7CE49}.Debug|Any CPU.Build.0 = Debug|Any CPU
		{3057FE08-172B-4974-AA17-8CC6B0A7CE49}.Release|Any CPU.ActiveCfg = Release|Any CPU
		{3057FE08-172B-4974-AA17-8CC6B0A7CE49}.Release|Any CPU.Build.0 = Release|Any CPU
		{EFBC23E2-22DB-4329-8CE4-FDAE33489653}.Debug|Any CPU.ActiveCfg = Debug|Any CPU
		{EFBC23E2-22DB-4329-8CE4-FDAE33489653}.Debug|Any CPU.Build.0 = Debug|Any CPU
		{EFBC23E2-22DB-4329-8CE4-FDAE33489653}.Release|Any CPU.ActiveCfg = Release|Any CPU
		{EFBC23E2-22DB-4329-8CE4-FDAE33489653}.Release|Any CPU.Build.0 = Release|Any CPU
		{20C5FC02-1E55-4B89-9A92-4A5ABE35300B}.Debug|Any CPU.ActiveCfg = Debug|Any CPU
		{20C5FC02-1E55-4B89-9A92-4A5ABE35300B}.Debug|Any CPU.Build.0 = Debug|Any CPU
		{20C5FC02-1E55-4B89-9A92-4A5ABE35300B}.Release|Any CPU.ActiveCfg = Release|Any CPU
		{20C5FC02-1E55-4B89-9A92-4A5ABE35300B}.Release|Any CPU.Build.0 = Release|Any CPU
		{6E179D80-1186-4D47-B6BF-30D6C4B98600}.Debug|Any CPU.ActiveCfg = Debug|Any CPU
		{6E179D80-1186-4D47-B6BF-30D6C4B98600}.Debug|Any CPU.Build.0 = Debug|Any CPU
		{6E179D80-1186-4D47-B6BF-30D6C4B98600}.Release|Any CPU.ActiveCfg = Release|Any CPU
		{6E179D80-1186-4D47-B6BF-30D6C4B98600}.Release|Any CPU.Build.0 = Release|Any CPU
		{43BD42F6-D7C1-4F63-ABB1-29A8F8690079}.Debug|Any CPU.ActiveCfg = Debug|Any CPU
		{43BD42F6-D7C1-4F63-ABB1-29A8F8690079}.Debug|Any CPU.Build.0 = Debug|Any CPU
		{43BD42F6-D7C1-4F63-ABB1-29A8F8690079}.Release|Any CPU.ActiveCfg = Release|Any CPU
		{43BD42F6-D7C1-4F63-ABB1-29A8F8690079}.Release|Any CPU.Build.0 = Release|Any CPU
		{312C3113-C213-4D43-B7EC-3BE1295CBC84}.Debug|Any CPU.ActiveCfg = Debug|Any CPU
		{312C3113-C213-4D43-B7EC-3BE1295CBC84}.Debug|Any CPU.Build.0 = Debug|Any CPU
		{312C3113-C213-4D43-B7EC-3BE1295CBC84}.Release|Any CPU.ActiveCfg = Release|Any CPU
		{312C3113-C213-4D43-B7EC-3BE1295CBC84}.Release|Any CPU.Build.0 = Release|Any CPU
		{E8A2B5FD-98F4-4827-933B-1FEB86A5C892}.Debug|Any CPU.ActiveCfg = Debug|Any CPU
		{E8A2B5FD-98F4-4827-933B-1FEB86A5C892}.Debug|Any CPU.Build.0 = Debug|Any CPU
		{E8A2B5FD-98F4-4827-933B-1FEB86A5C892}.Release|Any CPU.ActiveCfg = Release|Any CPU
		{E8A2B5FD-98F4-4827-933B-1FEB86A5C892}.Release|Any CPU.Build.0 = Release|Any CPU
		{41960818-2447-4458-8B30-7E3E433B203D}.Debug|Any CPU.ActiveCfg = Debug|Any CPU
		{41960818-2447-4458-8B30-7E3E433B203D}.Debug|Any CPU.Build.0 = Debug|Any CPU
		{41960818-2447-4458-8B30-7E3E433B203D}.Release|Any CPU.ActiveCfg = Release|Any CPU
		{41960818-2447-4458-8B30-7E3E433B203D}.Release|Any CPU.Build.0 = Release|Any CPU
		{A798A300-3AA5-4D03-9873-5F6E51C0A4EE}.Debug|Any CPU.ActiveCfg = Debug|Any CPU
		{A798A300-3AA5-4D03-9873-5F6E51C0A4EE}.Debug|Any CPU.Build.0 = Debug|Any CPU
		{A798A300-3AA5-4D03-9873-5F6E51C0A4EE}.Release|Any CPU.ActiveCfg = Release|Any CPU
		{A798A300-3AA5-4D03-9873-5F6E51C0A4EE}.Release|Any CPU.Build.0 = Release|Any CPU
		{F93CDD77-530C-4336-BC90-C263EBA19ED5}.Debug|Any CPU.ActiveCfg = Debug|Any CPU
		{F93CDD77-530C-4336-BC90-C263EBA19ED5}.Debug|Any CPU.Build.0 = Debug|Any CPU
		{F93CDD77-530C-4336-BC90-C263EBA19ED5}.Release|Any CPU.ActiveCfg = Release|Any CPU
		{F93CDD77-530C-4336-BC90-C263EBA19ED5}.Release|Any CPU.Build.0 = Release|Any CPU
	EndGlobalSection
	GlobalSection(SolutionProperties) = preSolution
		HideSolutionNode = FALSE
	EndGlobalSection
	GlobalSection(NestedProjects) = preSolution
		{A91CF079-FFAF-47B8-B55E-F55F94F025A4} = {F327F8A6-E274-4194-AF4E-9E605EC47535}
		{56185CAC-18A9-488E-8A49-EF5BD74D89B5} = {F327F8A6-E274-4194-AF4E-9E605EC47535}
		{67D2078F-76DC-4133-8481-AEE10E3AC06B} = {A91CF079-FFAF-47B8-B55E-F55F94F025A4}
		{340E8333-DBB6-4FF7-A0FD-3C376E14DB8F} = {A91CF079-FFAF-47B8-B55E-F55F94F025A4}
		{3057FE08-172B-4974-AA17-8CC6B0A7CE49} = {56185CAC-18A9-488E-8A49-EF5BD74D89B5}
		{EFBC23E2-22DB-4329-8CE4-FDAE33489653} = {56185CAC-18A9-488E-8A49-EF5BD74D89B5}
		{20C5FC02-1E55-4B89-9A92-4A5ABE35300B} = {340E8333-DBB6-4FF7-A0FD-3C376E14DB8F}
		{6E179D80-1186-4D47-B6BF-30D6C4B98600} = {340E8333-DBB6-4FF7-A0FD-3C376E14DB8F}
		{43BD42F6-D7C1-4F63-ABB1-29A8F8690079} = {67D2078F-76DC-4133-8481-AEE10E3AC06B}
		{312C3113-C213-4D43-B7EC-3BE1295CBC84} = {67D2078F-76DC-4133-8481-AEE10E3AC06B}
		{E8A2B5FD-98F4-4827-933B-1FEB86A5C892} = {56185CAC-18A9-488E-8A49-EF5BD74D89B5}
		{989A052E-4304-4297-888A-795FD84E5981} = {A91CF079-FFAF-47B8-B55E-F55F94F025A4}
		{41960818-2447-4458-8B30-7E3E433B203D} = {989A052E-4304-4297-888A-795FD84E5981}
		{A798A300-3AA5-4D03-9873-5F6E51C0A4EE} = {989A052E-4304-4297-888A-795FD84E5981}
		{F93CDD77-530C-4336-BC90-C263EBA19ED5} = {56185CAC-18A9-488E-8A49-EF5BD74D89B5}
	EndGlobalSection
	GlobalSection(ExtensibilityGlobals) = postSolution
		SolutionGuid = {AE7F96B1-B5EE-4F57-B16A-897F8B3537D7}
	EndGlobalSection
EndGlobal
